
Microsoft Visual Studio Solution File, Format Version 12.00
# Visual Studio 15
VisualStudioVersion = 15.0.28307.757
MinimumVisualStudioVersion = 10.0.40219.1
Project("{FAE04EC0-301F-11D3-BF4B-00C04F79EFBC}") = "SIS", "SIS\SIS.csproj", "{2BBFB209-7AB4-48AD-94BD-2E5A8A896957}"
EndProject
Global
	GlobalSection(SolutionConfigurationPlatforms) = preSolution
		Debug|Any CPU = Debug|Any CPU
		Release|Any CPU = Release|Any CPU
	EndGlobalSection
	GlobalSection(ProjectConfigurationPlatforms) = postSolution
		{2BBFB209-7AB4-48AD-94BD-2E5A8A896957}.Debug|Any CPU.ActiveCfg = Debug|Any CPU
		{2BBFB209-7AB4-48AD-94BD-2E5A8A896957}.Debug|Any CPU.Build.0 = Debug|Any CPU
		{2BBFB209-7AB4-48AD-94BD-2E5A8A896957}.Release|Any CPU.ActiveCfg = Release|Any CPU
		{2BBFB209-7AB4-48AD-94BD-2E5A8A896957}.Release|Any CPU.Build.0 = Release|Any CPU
	EndGlobalSection
	GlobalSection(SolutionProperties) = preSolution
		HideSolutionNode = FALSE
	EndGlobalSection
	GlobalSection(ExtensibilityGlobals) = postSolution
		SolutionGuid = {CBD250F3-77F1-430C-A26F-1229F8018F5B}
	EndGlobalSection
EndGlobal
